
Microsoft Visual Studio Solution File, Format Version 12.00
# Visual Studio Version 16
VisualStudioVersion = 16.0.810.6
MinimumVisualStudioVersion = 10.0.40219.1
Project("{FAE04EC0-301F-11D3-BF4B-00C04F79EFBC}") = "BankingDemo", "BankingDemo\BankingDemo.csproj", "{B13EDCD3-E669-4B45-92F4-CA876A752988}"
EndProject
Global
	GlobalSection(SolutionConfigurationPlatforms) = preSolution
		Debug|Any CPU = Debug|Any CPU
		Release|Any CPU = Release|Any CPU
	EndGlobalSection
	GlobalSection(ProjectConfigurationPlatforms) = postSolution
		{B13EDCD3-E669-4B45-92F4-CA876A752988}.Debug|Any CPU.ActiveCfg = Debug|Any CPU
		{B13EDCD3-E669-4B45-92F4-CA876A752988}.Debug|Any CPU.Build.0 = Debug|Any CPU
		{B13EDCD3-E669-4B45-92F4-CA876A752988}.Release|Any CPU.ActiveCfg = Release|Any CPU
		{B13EDCD3-E669-4B45-92F4-CA876A752988}.Release|Any CPU.Build.0 = Release|Any CPU
	EndGlobalSection
	GlobalSection(SolutionProperties) = preSolution
		HideSolutionNode = FALSE
	EndGlobalSection
	GlobalSection(ExtensibilityGlobals) = postSolution
		SolutionGuid = {9FEDE305-D559-4B77-A1E4-34FF19F5C969}
	EndGlobalSection
EndGlobal
